
Microsoft Visual Studio Solution File, Format Version 12.00
# Visual Studio Version 17
VisualStudioVersion = 17.12.35527.113 d17.12
MinimumVisualStudioVersion = 10.0.40219.1
Project("{FAE04EC0-301F-11D3-BF4B-00C04F79EFBC}") = "NewApp", "NewApp\NewApp.csproj", "{135D38DC-F62D-4ACF-A856-CE5D3832E1EC}"
EndProject
Project("{2150E333-8FDC-42A3-9474-1A3956D46DE8}") = "TestFolder", "TestFolder", "{CA2FA96F-F6A8-4A19-9F77-BF6F807EC9EA}"
EndProject
Project("{FAE04EC0-301F-11D3-BF4B-00C04F79EFBC}") = "ConsoleApp1", "TestFolder\ConsoleApp1\ConsoleApp1.csproj", "{6425190B-357A-4BAA-9C2D-99FF33FBA37A}"
EndProject
Project("{FAE04EC0-301F-11D3-BF4B-00C04F79EFBC}") = "TestApp", "TestFolder\TestApp\TestApp.csproj", "{ECCA9DA9-DD71-4B7F-B90B-CDB233A34027}"
EndProject
Global
	GlobalSection(SolutionConfigurationPlatforms) = preSolution
		Debug|Any CPU = Debug|Any CPU
		Release|Any CPU = Release|Any CPU
	EndGlobalSection
	GlobalSection(ProjectConfigurationPlatforms) = postSolution
		{135D38DC-F62D-4ACF-A856-CE5D3832E1EC}.Debug|Any CPU.ActiveCfg = Debug|Any CPU
		{135D38DC-F62D-4ACF-A856-CE5D3832E1EC}.Debug|Any CPU.Build.0 = Debug|Any CPU
		{135D38DC-F62D-4ACF-A856-CE5D3832E1EC}.Release|Any CPU.ActiveCfg = Release|Any CPU
		{135D38DC-F62D-4ACF-A856-CE5D3832E1EC}.Release|Any CPU.Build.0 = Release|Any CPU
		{6425190B-357A-4BAA-9C2D-99FF33FBA37A}.Debug|Any CPU.ActiveCfg = Debug|Any CPU
		{6425190B-357A-4BAA-9C2D-99FF33FBA37A}.Debug|Any CPU.Build.0 = Debug|Any CPU
		{6425190B-357A-4BAA-9C2D-99FF33FBA37A}.Release|Any CPU.ActiveCfg = Release|Any CPU
		{6425190B-357A-4BAA-9C2D-99FF33FBA37A}.Release|Any CPU.Build.0 = Release|Any CPU
		{ECCA9DA9-DD71-4B7F-B90B-CDB233A34027}.Debug|Any CPU.ActiveCfg = Debug|Any CPU
		{ECCA9DA9-DD71-4B7F-B90B-CDB233A34027}.Debug|Any CPU.Build.0 = Debug|Any CPU
		{ECCA9DA9-DD71-4B7F-B90B-CDB233A34027}.Release|Any CPU.ActiveCfg = Release|Any CPU
		{ECCA9DA9-DD71-4B7F-B90B-CDB233A34027}.Release|Any CPU.Build.0 = Release|Any CPU
	EndGlobalSection
	GlobalSection(SolutionProperties) = preSolution
		HideSolutionNode = FALSE
	EndGlobalSection
	GlobalSection(NestedProjects) = preSolution
		{6425190B-357A-4BAA-9C2D-99FF33FBA37A} = {CA2FA96F-F6A8-4A19-9F77-BF6F807EC9EA}
		{ECCA9DA9-DD71-4B7F-B90B-CDB233A34027} = {CA2FA96F-F6A8-4A19-9F77-BF6F807EC9EA}
	EndGlobalSection
EndGlobal
